
Microsoft Visual Studio Solution File, Format Version 12.00
# Visual Studio Version 17
VisualStudioVersion = 17.0.31912.275
MinimumVisualStudioVersion = 10.0.40219.1
Project("{9A19103F-16F7-4668-BE54-9A1E7A4F7556}") = "SantasToolbox", "SantasToolbox\SantasToolbox.csproj", "{460D6357-486B-48A0-A952-A7015BFCB906}"
EndProject
Project("{9A19103F-16F7-4668-BE54-9A1E7A4F7556}") = "SantasToolBoxTests", "SantasToolBoxTests\SantasToolBoxTests.csproj", "{29B87691-90DB-41C8-9D19-4B8EE5D9741C}"
EndProject
Project("{9A19103F-16F7-4668-BE54-9A1E7A4F7556}") = "Day_Template", "Day_Template\Day_Template.csproj", "{5BDABAFF-024D-45D2-BEF1-82AA17850418}"
EndProject
Project("{9A19103F-16F7-4668-BE54-9A1E7A4F7556}") = "Day1_TaxiDistance", "Day1_TaxiDistance\Day1_TaxiDistance.csproj", "{3E2874D5-E735-4ED5-9B8C-B6701E2F629E}"
EndProject
Project("{9A19103F-16F7-4668-BE54-9A1E7A4F7556}") = "Day2_Numpad", "Day2_Numpad\Day2_Numpad.csproj", "{AC5123B8-CB52-4C16-8E15-DDCAC0F2C7EB}"
EndProject
Project("{9A19103F-16F7-4668-BE54-9A1E7A4F7556}") = "Day3_Triangles", "Day3_Triangles\Day3_Triangles.csproj", "{6ECE9802-81D0-4FA8-B740-EC50100CFEC0}"
EndProject
Project("{9A19103F-16F7-4668-BE54-9A1E7A4F7556}") = "Day4_Security", "Day4_Security\Day4_Security.csproj", "{A86D6C50-7A9F-4F2E-A61E-474F47C1B493}"
EndProject
Project("{9A19103F-16F7-4668-BE54-9A1E7A4F7556}") = "Day5_MD5", "Day5_MD5\Day5_MD5.csproj", "{3CCA8237-8999-4439-9431-8FE4C00C5039}"
EndProject
Project("{9A19103F-16F7-4668-BE54-9A1E7A4F7556}") = "Day6_Repetition", "Day6_Repetition\Day6_Repetition.csproj", "{09E5D571-75F6-4ABE-A3E8-72962F2ABE69}"
EndProject
Project("{9A19103F-16F7-4668-BE54-9A1E7A4F7556}") = "Day7_IPv7", "Day7_IPv7\Day7_IPv7.csproj", "{F9896F59-8D00-4453-ADF0-23F293E5EF60}"
EndProject
Project("{9A19103F-16F7-4668-BE54-9A1E7A4F7556}") = "Day8_Squares", "Day8_Squares\Day8_Squares.csproj", "{0A753909-BF09-4F72-B393-001C62B440D0}"
EndProject
Project("{9A19103F-16F7-4668-BE54-9A1E7A4F7556}") = "Day9_DeCompress", "Day9_DeCompress\Day9_DeCompress.csproj", "{19ED1DD9-0012-4129-92F1-50679D732648}"
EndProject
Project("{9A19103F-16F7-4668-BE54-9A1E7A4F7556}") = "Day10_BalanceBots", "Day10_BalanceBots\Day10_BalanceBots.csproj", "{30A03E40-46D2-430A-8835-E73F19C04DC0}"
EndProject
Project("{9A19103F-16F7-4668-BE54-9A1E7A4F7556}") = "Day11_States", "Day11_States\Day11_States.csproj", "{259B7934-87AA-442D-9AF1-73F24B869951}"
EndProject
Project("{9A19103F-16F7-4668-BE54-9A1E7A4F7556}") = "Day12_Monorail", "Day12_Monorail\Day12_Monorail.csproj", "{971A2A87-2567-4FB8-B9A6-9D359FFBB944}"
EndProject
Project("{9A19103F-16F7-4668-BE54-9A1E7A4F7556}") = "Day13_GeneratedMaze", "Day13_GeneratedMaze\Day13_GeneratedMaze.csproj", "{C9D658F9-4C6F-4D92-B292-2A0393D89F56}"
EndProject
Project("{9A19103F-16F7-4668-BE54-9A1E7A4F7556}") = "Day14_MD5Round2", "Day14_MD5Round2\Day14_MD5Round2.csproj", "{D146FC0A-DA82-4157-9ACC-92ECA16EE6D5}"
EndProject
Project("{9A19103F-16F7-4668-BE54-9A1E7A4F7556}") = "Day15_SlotMachine", "Day15_SlotMachine\Day15_SlotMachine.csproj", "{9975D7DA-35FC-4520-98F4-069274710DE9}"
EndProject
Project("{9A19103F-16F7-4668-BE54-9A1E7A4F7556}") = "Day16_DragonChecksum", "Day16_DragonChecksum\Day16_DragonChecksum.csproj", "{2A83845F-1069-4FB8-A212-9C6FBCE1202A}"
EndProject
Project("{9A19103F-16F7-4668-BE54-9A1E7A4F7556}") = "Day17_ShiftingMaze", "Day17_ShiftingMaze\Day17_ShiftingMaze.csproj", "{C61497CC-0C6B-4799-A40C-3DC23E868776}"
EndProject
Project("{9A19103F-16F7-4668-BE54-9A1E7A4F7556}") = "Day18_GameOfTraps", "Day18_GameOfTraps\Day18_GameOfTraps.csproj", "{AE3FB36B-33D5-40E0-A017-04144C011240}"
EndProject
Global
	GlobalSection(SolutionConfigurationPlatforms) = preSolution
		Debug|Any CPU = Debug|Any CPU
		Release|Any CPU = Release|Any CPU
	EndGlobalSection
	GlobalSection(ProjectConfigurationPlatforms) = postSolution
		{460D6357-486B-48A0-A952-A7015BFCB906}.Debug|Any CPU.ActiveCfg = Debug|Any CPU
		{460D6357-486B-48A0-A952-A7015BFCB906}.Debug|Any CPU.Build.0 = Debug|Any CPU
		{460D6357-486B-48A0-A952-A7015BFCB906}.Release|Any CPU.ActiveCfg = Release|Any CPU
		{460D6357-486B-48A0-A952-A7015BFCB906}.Release|Any CPU.Build.0 = Release|Any CPU
		{29B87691-90DB-41C8-9D19-4B8EE5D9741C}.Debug|Any CPU.ActiveCfg = Debug|Any CPU
		{29B87691-90DB-41C8-9D19-4B8EE5D9741C}.Debug|Any CPU.Build.0 = Debug|Any CPU
		{29B87691-90DB-41C8-9D19-4B8EE5D9741C}.Release|Any CPU.ActiveCfg = Release|Any CPU
		{29B87691-90DB-41C8-9D19-4B8EE5D9741C}.Release|Any CPU.Build.0 = Release|Any CPU
		{5BDABAFF-024D-45D2-BEF1-82AA17850418}.Debug|Any CPU.ActiveCfg = Debug|Any CPU
		{5BDABAFF-024D-45D2-BEF1-82AA17850418}.Debug|Any CPU.Build.0 = Debug|Any CPU
		{5BDABAFF-024D-45D2-BEF1-82AA17850418}.Release|Any CPU.ActiveCfg = Release|Any CPU
		{5BDABAFF-024D-45D2-BEF1-82AA17850418}.Release|Any CPU.Build.0 = Release|Any CPU
		{3E2874D5-E735-4ED5-9B8C-B6701E2F629E}.Debug|Any CPU.ActiveCfg = Debug|Any CPU
		{3E2874D5-E735-4ED5-9B8C-B6701E2F629E}.Debug|Any CPU.Build.0 = Debug|Any CPU
		{3E2874D5-E735-4ED5-9B8C-B6701E2F629E}.Release|Any CPU.ActiveCfg = Release|Any CPU
		{3E2874D5-E735-4ED5-9B8C-B6701E2F629E}.Release|Any CPU.Build.0 = Release|Any CPU
		{AC5123B8-CB52-4C16-8E15-DDCAC0F2C7EB}.Debug|Any CPU.ActiveCfg = Debug|Any CPU
		{AC5123B8-CB52-4C16-8E15-DDCAC0F2C7EB}.Debug|Any CPU.Build.0 = Debug|Any CPU
		{AC5123B8-CB52-4C16-8E15-DDCAC0F2C7EB}.Release|Any CPU.ActiveCfg = Release|Any CPU
		{AC5123B8-CB52-4C16-8E15-DDCAC0F2C7EB}.Release|Any CPU.Build.0 = Release|Any CPU
		{6ECE9802-81D0-4FA8-B740-EC50100CFEC0}.Debug|Any CPU.ActiveCfg = Debug|Any CPU
		{6ECE9802-81D0-4FA8-B740-EC50100CFEC0}.Debug|Any CPU.Build.0 = Debug|Any CPU
		{6ECE9802-81D0-4FA8-B740-EC50100CFEC0}.Release|Any CPU.ActiveCfg = Release|Any CPU
		{6ECE9802-81D0-4FA8-B740-EC50100CFEC0}.Release|Any CPU.Build.0 = Release|Any CPU
		{A86D6C50-7A9F-4F2E-A61E-474F47C1B493}.Debug|Any CPU.ActiveCfg = Debug|Any CPU
		{A86D6C50-7A9F-4F2E-A61E-474F47C1B493}.Debug|Any CPU.Build.0 = Debug|Any CPU
		{A86D6C50-7A9F-4F2E-A61E-474F47C1B493}.Release|Any CPU.ActiveCfg = Release|Any CPU
		{A86D6C50-7A9F-4F2E-A61E-474F47C1B493}.Release|Any CPU.Build.0 = Release|Any CPU
		{3CCA8237-8999-4439-9431-8FE4C00C5039}.Debug|Any CPU.ActiveCfg = Debug|Any CPU
		{3CCA8237-8999-4439-9431-8FE4C00C5039}.Debug|Any CPU.Build.0 = Debug|Any CPU
		{3CCA8237-8999-4439-9431-8FE4C00C5039}.Release|Any CPU.ActiveCfg = Release|Any CPU
		{3CCA8237-8999-4439-9431-8FE4C00C5039}.Release|Any CPU.Build.0 = Release|Any CPU
		{09E5D571-75F6-4ABE-A3E8-72962F2ABE69}.Debug|Any CPU.ActiveCfg = Debug|Any CPU
		{09E5D571-75F6-4ABE-A3E8-72962F2ABE69}.Debug|Any CPU.Build.0 = Debug|Any CPU
		{09E5D571-75F6-4ABE-A3E8-72962F2ABE69}.Release|Any CPU.ActiveCfg = Release|Any CPU
		{09E5D571-75F6-4ABE-A3E8-72962F2ABE69}.Release|Any CPU.Build.0 = Release|Any CPU
		{F9896F59-8D00-4453-ADF0-23F293E5EF60}.Debug|Any CPU.ActiveCfg = Debug|Any CPU
		{F9896F59-8D00-4453-ADF0-23F293E5EF60}.Debug|Any CPU.Build.0 = Debug|Any CPU
		{F9896F59-8D00-4453-ADF0-23F293E5EF60}.Release|Any CPU.ActiveCfg = Release|Any CPU
		{F9896F59-8D00-4453-ADF0-23F293E5EF60}.Release|Any CPU.Build.0 = Release|Any CPU
		{0A753909-BF09-4F72-B393-001C62B440D0}.Debug|Any CPU.ActiveCfg = Debug|Any CPU
		{0A753909-BF09-4F72-B393-001C62B440D0}.Debug|Any CPU.Build.0 = Debug|Any CPU
		{0A753909-BF09-4F72-B393-001C62B440D0}.Release|Any CPU.ActiveCfg = Release|Any CPU
		{0A753909-BF09-4F72-B393-001C62B440D0}.Release|Any CPU.Build.0 = Release|Any CPU
		{19ED1DD9-0012-4129-92F1-50679D732648}.Debug|Any CPU.ActiveCfg = Debug|Any CPU
		{19ED1DD9-0012-4129-92F1-50679D732648}.Debug|Any CPU.Build.0 = Debug|Any CPU
		{19ED1DD9-0012-4129-92F1-50679D732648}.Release|Any CPU.ActiveCfg = Release|Any CPU
		{19ED1DD9-0012-4129-92F1-50679D732648}.Release|Any CPU.Build.0 = Release|Any CPU
		{30A03E40-46D2-430A-8835-E73F19C04DC0}.Debug|Any CPU.ActiveCfg = Debug|Any CPU
		{30A03E40-46D2-430A-8835-E73F19C04DC0}.Debug|Any CPU.Build.0 = Debug|Any CPU
		{30A03E40-46D2-430A-8835-E73F19C04DC0}.Release|Any CPU.ActiveCfg = Release|Any CPU
		{30A03E40-46D2-430A-8835-E73F19C04DC0}.Release|Any CPU.Build.0 = Release|Any CPU
		{259B7934-87AA-442D-9AF1-73F24B869951}.Debug|Any CPU.ActiveCfg = Debug|Any CPU
		{259B7934-87AA-442D-9AF1-73F24B869951}.Debug|Any CPU.Build.0 = Debug|Any CPU
		{259B7934-87AA-442D-9AF1-73F24B869951}.Release|Any CPU.ActiveCfg = Release|Any CPU
		{259B7934-87AA-442D-9AF1-73F24B869951}.Release|Any CPU.Build.0 = Release|Any CPU
		{971A2A87-2567-4FB8-B9A6-9D359FFBB944}.Debug|Any CPU.ActiveCfg = Debug|Any CPU
		{971A2A87-2567-4FB8-B9A6-9D359FFBB944}.Debug|Any CPU.Build.0 = Debug|Any CPU
		{971A2A87-2567-4FB8-B9A6-9D359FFBB944}.Release|Any CPU.ActiveCfg = Release|Any CPU
		{971A2A87-2567-4FB8-B9A6-9D359FFBB944}.Release|Any CPU.Build.0 = Release|Any CPU
		{C9D658F9-4C6F-4D92-B292-2A0393D89F56}.Debug|Any CPU.ActiveCfg = Debug|Any CPU
		{C9D658F9-4C6F-4D92-B292-2A0393D89F56}.Debug|Any CPU.Build.0 = Debug|Any CPU
		{C9D658F9-4C6F-4D92-B292-2A0393D89F56}.Release|Any CPU.ActiveCfg = Release|Any CPU
		{C9D658F9-4C6F-4D92-B292-2A0393D89F56}.Release|Any CPU.Build.0 = Release|Any CPU
		{D146FC0A-DA82-4157-9ACC-92ECA16EE6D5}.Debug|Any CPU.ActiveCfg = Debug|Any CPU
		{D146FC0A-DA82-4157-9ACC-92ECA16EE6D5}.Debug|Any CPU.Build.0 = Debug|Any CPU
		{D146FC0A-DA82-4157-9ACC-92ECA16EE6D5}.Release|Any CPU.ActiveCfg = Release|Any CPU
		{D146FC0A-DA82-4157-9ACC-92ECA16EE6D5}.Release|Any CPU.Build.0 = Release|Any CPU
		{9975D7DA-35FC-4520-98F4-069274710DE9}.Debug|Any CPU.ActiveCfg = Debug|Any CPU
		{9975D7DA-35FC-4520-98F4-069274710DE9}.Debug|Any CPU.Build.0 = Debug|Any CPU
		{9975D7DA-35FC-4520-98F4-069274710DE9}.Release|Any CPU.ActiveCfg = Release|Any CPU
		{9975D7DA-35FC-4520-98F4-069274710DE9}.Release|Any CPU.Build.0 = Release|Any CPU
		{2A83845F-1069-4FB8-A212-9C6FBCE1202A}.Debug|Any CPU.ActiveCfg = Debug|Any CPU
		{2A83845F-1069-4FB8-A212-9C6FBCE1202A}.Debug|Any CPU.Build.0 = Debug|Any CPU
		{2A83845F-1069-4FB8-A212-9C6FBCE1202A}.Release|Any CPU.ActiveCfg = Release|Any CPU
		{2A83845F-1069-4FB8-A212-9C6FBCE1202A}.Release|Any CPU.Build.0 = Release|Any CPU
		{C61497CC-0C6B-4799-A40C-3DC23E868776}.Debug|Any CPU.ActiveCfg = Debug|Any CPU
		{C61497CC-0C6B-4799-A40C-3DC23E868776}.Debug|Any CPU.Build.0 = Debug|Any CPU
		{C61497CC-0C6B-4799-A40C-3DC23E868776}.Release|Any CPU.ActiveCfg = Release|Any CPU
		{C61497CC-0C6B-4799-A40C-3DC23E868776}.Release|Any CPU.Build.0 = Release|Any CPU
		{AE3FB36B-33D5-40E0-A017-04144C011240}.Debug|Any CPU.ActiveCfg = Debug|Any CPU
		{AE3FB36B-33D5-40E0-A017-04144C011240}.Debug|Any CPU.Build.0 = Debug|Any CPU
		{AE3FB36B-33D5-40E0-A017-04144C011240}.Release|Any CPU.ActiveCfg = Release|Any CPU
		{AE3FB36B-33D5-40E0-A017-04144C011240}.Release|Any CPU.Build.0 = Release|Any CPU
	EndGlobalSection
	GlobalSection(SolutionProperties) = preSolution
		HideSolutionNode = FALSE
	EndGlobalSection
	GlobalSection(ExtensibilityGlobals) = postSolution
		SolutionGuid = {35EB43F3-B1F9-4A6B-B82C-3D9C5C45678E}
	EndGlobalSection
EndGlobal
